{
    "_meta": {
        "hash": {
            "sha256": "df024ba9a37dc3cf0ce4d9ca83e76ce4f6dd2dd97e2911bd29850e09b49de61f"
        },
        "pipfile-spec": 6,
        "requires": {
            "python_version": "3.8"
        },
        "sources": [
            {
                "name": "pypi",
                "url": "https://pypi.org/simple",
                "verify_ssl": true
            }
        ]
    },
    "default": {
        "argparse": {
            "hashes": [
                "sha256:62b089a55be1d8949cd2bc7e0df0bddb9e028faefc8c32038cc84862aefdd6e4",
                "sha256:c31647edb69fd3d465a847ea3157d37bed1f95f19760b11a47aa91c04b666314"
            ],
            "index": "pypi",
            "version": "==1.4.0"
        },
        "pebble": {
            "hashes": [
                "sha256:2de3cd11aa068e0c4a4abbaf8d4ecfdac409d8bfb78a4c211a01f6a4fb17a35f",
                "sha256:cae871610cc7f83d0ba780baab60e581ff762c7dd46bb601eed0727b070fcae3"
            ],
            "index": "pypi",
            "version": "==4.5.0"
        }
    },
    "develop": {}
}
